// !$*UTF8*$!
{
	archiveVersion = 1;
	classes = {
	};
	objectVersion = 51;
	objects = {

/* Begin PBXBuildFile section */
		53115A542260660C007EBC2F /* AudioPlayerViewController.swift in Sources */ = {isa = PBXBuildFile; fileRef = 53115A532260660C007EBC2F /* AudioPlayerViewController.swift */; };
		53115A5722608C5F007EBC2F /* AudioManager.swift in Sources */ = {isa = PBXBuildFile; fileRef = 53115A5622608C5F007EBC2F /* AudioManager.swift */; };
		5336904E22521A0700A0DA3B /* ConvertHelper.swift in Sources */ = {isa = PBXBuildFile; fileRef = 5336902622521A0700A0DA3B /* ConvertHelper.swift */; };
		5336904F22521A0700A0DA3B /* Loading.swift in Sources */ = {isa = PBXBuildFile; fileRef = 5336902722521A0700A0DA3B /* Loading.swift */; };
		5336905022521A0700A0DA3B /* DatePickerDialog.swift in Sources */ = {isa = PBXBuildFile; fileRef = 5336902822521A0700A0DA3B /* DatePickerDialog.swift */; };
		5336905122521A0700A0DA3B /* Toast.swift in Sources */ = {isa = PBXBuildFile; fileRef = 5336902922521A0700A0DA3B /* Toast.swift */; };
		5336906222521A0700A0DA3B /* PickerView.swift in Sources */ = {isa = PBXBuildFile; fileRef = 5336903C22521A0700A0DA3B /* PickerView.swift */; };
		5336906322521A0700A0DA3B /* CustomButton.swift in Sources */ = {isa = PBXBuildFile; fileRef = 5336903D22521A0700A0DA3B /* CustomButton.swift */; };
		5336906722521A0700A0DA3B /* CustomRoundedView.swift in Sources */ = {isa = PBXBuildFile; fileRef = 5336904322521A0700A0DA3B /* CustomRoundedView.swift */; };
		5336906D22521A0700A0DA3B /* CustomUIButton.swift in Sources */ = {isa = PBXBuildFile; fileRef = 5336904B22521A0700A0DA3B /* CustomUIButton.swift */; };
		5336907022521BC200A0DA3B /* CustomView.swift in Sources */ = {isa = PBXBuildFile; fileRef = 5336906F22521BC200A0DA3B /* CustomView.swift */; };
		5336907222521D6A00A0DA3B /* UIColorExtension.swift in Sources */ = {isa = PBXBuildFile; fileRef = 5336907122521D6A00A0DA3B /* UIColorExtension.swift */; };
		5347AF3F225C7BE500D0AA06 /* YouTubePlayer.framework in Frameworks */ = {isa = PBXBuildFile; fileRef = 5347AF3E225C7BE500D0AA06 /* YouTubePlayer.framework */; };
		5347AF43225CA47900D0AA06 /* AudioStream.swift in Sources */ = {isa = PBXBuildFile; fileRef = 5347AF42225CA47900D0AA06 /* AudioStream.swift */; };
		5349362C225F156F00854EB3 /* ModelUpdateAuthInfo.swift in Sources */ = {isa = PBXBuildFile; fileRef = 5349362B225F156F00854EB3 /* ModelUpdateAuthInfo.swift */; };
		5349362E225F173500854EB3 /* RegisterViewController.swift in Sources */ = {isa = PBXBuildFile; fileRef = 5349362D225F173500854EB3 /* RegisterViewController.swift */; };
		53493630225F23F700854EB3 /* DataManager.swift in Sources */ = {isa = PBXBuildFile; fileRef = 5349362F225F23F700854EB3 /* DataManager.swift */; };
		53493632225F252B00854EB3 /* ModelAudioFreeList.swift in Sources */ = {isa = PBXBuildFile; fileRef = 53493631225F252B00854EB3 /* ModelAudioFreeList.swift */; };
		53493635225F3E3800854EB3 /* AudioFreeViewController.swift in Sources */ = {isa = PBXBuildFile; fileRef = 53493634225F3E3800854EB3 /* AudioFreeViewController.swift */; };
		5349363F225F448100854EB3 /* AudioTableViewCell.swift in Sources */ = {isa = PBXBuildFile; fileRef = 5349363D225F448100854EB3 /* AudioTableViewCell.swift */; };
		53493640225F448100854EB3 /* AudioTableViewCell.xib in Resources */ = {isa = PBXBuildFile; fileRef = 5349363E225F448100854EB3 /* AudioTableViewCell.xib */; };
		53493643225F46A800854EB3 /* ImageViewextension.swift in Sources */ = {isa = PBXBuildFile; fileRef = 53493642225F46A800854EB3 /* ImageViewextension.swift */; };
		53A12FB5225DE9A700B15195 /* API.swift in Sources */ = {isa = PBXBuildFile; fileRef = 53A12FB4225DE9A700B15195 /* API.swift */; };
		53A12FB7225DEA2400B15195 /* APIManager.swift in Sources */ = {isa = PBXBuildFile; fileRef = 53A12FB6225DEA2400B15195 /* APIManager.swift */; };
		53A12FBA225DEAC300B15195 /* ModelUserInfo.swift in Sources */ = {isa = PBXBuildFile; fileRef = 53A12FB9225DEAC300B15195 /* ModelUserInfo.swift */; };
		819B78D8D0FE9FC164E46355 /* Pods_HocVanChiHien.framework in Frameworks */ = {isa = PBXBuildFile; fileRef = 805362E6B40079F7D5147958 /* Pods_HocVanChiHien.framework */; };
		BAC876D30C9DDB58476DCFFE /* Pods_HocVanChiHienTests.framework in Frameworks */ = {isa = PBXBuildFile; fileRef = 36C2BFC53DE5FCD0F455F264 /* Pods_HocVanChiHienTests.framework */; };
		DCAC6E3BE3CF8F5B05E0D1B7 /* Pods_HocVanChiHienUITests.framework in Frameworks */ = {isa = PBXBuildFile; fileRef = 0B58F9D6F6FCEBEC48E42F6F /* Pods_HocVanChiHienUITests.framework */; };
		F024C01E225246A4007C0887 /* CustomImageView.swift in Sources */ = {isa = PBXBuildFile; fileRef = F024C01D225246A4007C0887 /* CustomImageView.swift */; };
		F024C02022525C2F007C0887 /* ActionMenuViewController.swift in Sources */ = {isa = PBXBuildFile; fileRef = F024C01F22525C2F007C0887 /* ActionMenuViewController.swift */; };
		F02E04A9225CF8D8003D9FCE /* Login.storyboard in Resources */ = {isa = PBXBuildFile; fileRef = F02E04A8225CF8D8003D9FCE /* Login.storyboard */; };
		F02E04AC225CFAD5003D9FCE /* LoginViewController.swift in Sources */ = {isa = PBXBuildFile; fileRef = F02E04AB225CFAD5003D9FCE /* LoginViewController.swift */; };
		F040F5BA22790DA200CD5386 /* QuizContentViewController.swift in Sources */ = {isa = PBXBuildFile; fileRef = F040F5B922790DA200CD5386 /* QuizContentViewController.swift */; };
		F040F5BC22790DAF00CD5386 /* GameMainViewController.swift in Sources */ = {isa = PBXBuildFile; fileRef = F040F5BB22790DAF00CD5386 /* GameMainViewController.swift */; };
		F040F5BF227AA8DB00CD5386 /* GoogleService-Info.plist in Resources */ = {isa = PBXBuildFile; fileRef = F040F5BE227AA8DB00CD5386 /* GoogleService-Info.plist */; };
		F045CB30226622EA0022EB1F /* CellNewsTableViewCell.swift in Sources */ = {isa = PBXBuildFile; fileRef = F045CB2E226622EA0022EB1F /* CellNewsTableViewCell.swift */; };
		F045CB31226622EA0022EB1F /* CellNewsTableViewCell.xib in Resources */ = {isa = PBXBuildFile; fileRef = F045CB2F226622EA0022EB1F /* CellNewsTableViewCell.xib */; };
		F045CB332266252C0022EB1F /* DetailSavedPostViewController.swift in Sources */ = {isa = PBXBuildFile; fileRef = F045CB322266252C0022EB1F /* DetailSavedPostViewController.swift */; };
		F0482339225D02470086F9A5 /* FirebaseConstant.swift in Sources */ = {isa = PBXBuildFile; fileRef = F0482338225D02470086F9A5 /* FirebaseConstant.swift */; };
		F04CCBBD224FE07600503F84 /* AppDelegate.swift in Sources */ = {isa = PBXBuildFile; fileRef = F04CCBBC224FE07600503F84 /* AppDelegate.swift */; };
		F04CCBBF224FE07600503F84 /* MainViewController.swift in Sources */ = {isa = PBXBuildFile; fileRef = F04CCBBE224FE07600503F84 /* MainViewController.swift */; };
		F04CCBC2224FE07700503F84 /* Main.storyboard in Resources */ = {isa = PBXBuildFile; fileRef = F04CCBC0224FE07700503F84 /* Main.storyboard */; };
		F04CCBC7224FE07800503F84 /* LaunchScreen.storyboard in Resources */ = {isa = PBXBuildFile; fileRef = F04CCBC5224FE07800503F84 /* LaunchScreen.storyboard */; };
		F04CCBD2224FE07800503F84 /* HocVanChiHienTests.swift in Sources */ = {isa = PBXBuildFile; fileRef = F04CCBD1224FE07800503F84 /* HocVanChiHienTests.swift */; };
		F04CCBDD224FE07900503F84 /* HocVanChiHienUITests.swift in Sources */ = {isa = PBXBuildFile; fileRef = F04CCBDC224FE07900503F84 /* HocVanChiHienUITests.swift */; };
		F04CCBEB224FE80100503F84 /* JSContruct.swift in Sources */ = {isa = PBXBuildFile; fileRef = F04CCBEA224FE80100503F84 /* JSContruct.swift */; };
		F0537E82226C943500C65F97 /* QuizTableViewCell.swift in Sources */ = {isa = PBXBuildFile; fileRef = F0537E80226C943500C65F97 /* QuizTableViewCell.swift */; };
		F0537E83226C943500C65F97 /* QuizTableViewCell.xib in Resources */ = {isa = PBXBuildFile; fileRef = F0537E81226C943500C65F97 /* QuizTableViewCell.xib */; };
		F0537E85226C94E100C65F97 /* GameQuizViewController.swift in Sources */ = {isa = PBXBuildFile; fileRef = F0537E84226C94E100C65F97 /* GameQuizViewController.swift */; };
		F0537E87226C953A00C65F97 /* ModelQuiz.swift in Sources */ = {isa = PBXBuildFile; fileRef = F0537E86226C953A00C65F97 /* ModelQuiz.swift */; };
		F054E561226E0773007BA7EE /* CellQuizCVC.swift in Sources */ = {isa = PBXBuildFile; fileRef = F054E55F226E0773007BA7EE /* CellQuizCVC.swift */; };
		F054E562226E0773007BA7EE /* CellQuizCVC.xib in Resources */ = {isa = PBXBuildFile; fileRef = F054E560226E0773007BA7EE /* CellQuizCVC.xib */; };
		F054E564226E0BF2007BA7EE /* GoogleService-Info.plist in Resources */ = {isa = PBXBuildFile; fileRef = F054E563226E0BF2007BA7EE /* GoogleService-Info.plist */; };
		F054E5782273F1B1007BA7EE /* Assets.xcassets in Resources */ = {isa = PBXBuildFile; fileRef = F054E5772273F1B1007BA7EE /* Assets.xcassets */; };
		F0597E1A225107DE0058CA31 /* DetailContentViewController.swift in Sources */ = {isa = PBXBuildFile; fileRef = F0597E19225107DE0058CA31 /* DetailContentViewController.swift */; };
		F0597E1C22510A0E0058CA31 /* WebViewController.swift in Sources */ = {isa = PBXBuildFile; fileRef = F0597E1B22510A0E0058CA31 /* WebViewController.swift */; };
		F07F3017225F961F004FB615 /* MainAudioViewController.swift in Sources */ = {isa = PBXBuildFile; fileRef = F07F3016225F961F004FB615 /* MainAudioViewController.swift */; };
		F07F301A225F9C5D004FB615 /* MainTabBarViewController.swift in Sources */ = {isa = PBXBuildFile; fileRef = F07F3019225F9C5D004FB615 /* MainTabBarViewController.swift */; };
		F09B3BE122539C7F00C2ACD9 /* SavedListPosts.swift in Sources */ = {isa = PBXBuildFile; fileRef = F09B3BE022539C7F00C2ACD9 /* SavedListPosts.swift */; };
		F09B3BE52253A6D500C2ACD9 /* ListWebViewElementsViewController.swift in Sources */ = {isa = PBXBuildFile; fileRef = F09B3BE42253A6D500C2ACD9 /* ListWebViewElementsViewController.swift */; };
		F09B3BE72253C77500C2ACD9 /* Constant.swift in Sources */ = {isa = PBXBuildFile; fileRef = F09B3BE62253C77500C2ACD9 /* Constant.swift */; };
/* End PBXBuildFile section */

/* Begin PBXContainerItemProxy section */
		F04CCBCE224FE07800503F84 /* PBXContainerItemProxy */ = {
			isa = PBXContainerItemProxy;
			containerPortal = F04CCBB1224FE07600503F84 /* Project object */;
			proxyType = 1;
			remoteGlobalIDString = F04CCBB8224FE07600503F84;
			remoteInfo = HocVanChiHien;
		};
		F04CCBD9224FE07800503F84 /* PBXContainerItemProxy */ = {
			isa = PBXContainerItemProxy;
			containerPortal = F04CCBB1224FE07600503F84 /* Project object */;
			proxyType = 1;
			remoteGlobalIDString = F04CCBB8224FE07600503F84;
			remoteInfo = HocVanChiHien;
		};
/* End PBXContainerItemProxy section */

/* Begin PBXFileReference section */
		0B58F9D6F6FCEBEC48E42F6F /* Pods_HocVanChiHienUITests.framework */ = {isa = PBXFileReference; explicitFileType = wrapper.framework; includeInIndex = 0; path = Pods_HocVanChiHienUITests.framework; sourceTree = BUILT_PRODUCTS_DIR; };
		20492714C068D5557B495279 /* Pods-HocVanChiHienTests.debug.xcconfig */ = {isa = PBXFileReference; includeInIndex = 1; lastKnownFileType = text.xcconfig; name = "Pods-HocVanChiHienTests.debug.xcconfig"; path = "Pods/Target Support Files/Pods-HocVanChiHienTests/Pods-HocVanChiHienTests.debug.xcconfig"; sourceTree = "<group>"; };
		36C2BFC53DE5FCD0F455F264 /* Pods_HocVanChiHienTests.framework */ = {isa = PBXFileReference; explicitFileType = wrapper.framework; includeInIndex = 0; path = Pods_HocVanChiHienTests.framework; sourceTree = BUILT_PRODUCTS_DIR; };
		4786229DE93F5B508E186CEF /* Pods-HocVanChiHien.debug.xcconfig */ = {isa = PBXFileReference; includeInIndex = 1; lastKnownFileType = text.xcconfig; name = "Pods-HocVanChiHien.debug.xcconfig"; path = "Target Support Files/Pods-HocVanChiHien/Pods-HocVanChiHien.debug.xcconfig"; sourceTree = "<group>"; };
		4B73E231283E5D91EF8FF5DD /* Pods-HocVanChiHien.release.xcconfig */ = {isa = PBXFileReference; includeInIndex = 1; lastKnownFileType = text.xcconfig; name = "Pods-HocVanChiHien.release.xcconfig"; path = "Target Support Files/Pods-HocVanChiHien/Pods-HocVanChiHien.release.xcconfig"; sourceTree = "<group>"; };
		4FEF33F2A1CBEF7D5C56CB30 /* Pods-HocVanChiHien.debug.xcconfig */ = {isa = PBXFileReference; includeInIndex = 1; lastKnownFileType = text.xcconfig; name = "Pods-HocVanChiHien.debug.xcconfig"; path = "Pods/Target Support Files/Pods-HocVanChiHien/Pods-HocVanChiHien.debug.xcconfig"; sourceTree = "<group>"; };
		52027F65A843481667C15A1C /* Pods-HocVanChiHien.release.xcconfig */ = {isa = PBXFileReference; includeInIndex = 1; lastKnownFileType = text.xcconfig; name = "Pods-HocVanChiHien.release.xcconfig"; path = "Pods/Target Support Files/Pods-HocVanChiHien/Pods-HocVanChiHien.release.xcconfig"; sourceTree = "<group>"; };
		53115A532260660C007EBC2F /* AudioPlayerViewController.swift */ = {isa = PBXFileReference; lastKnownFileType = sourcecode.swift; path = AudioPlayerViewController.swift; sourceTree = "<group>"; };
		53115A5622608C5F007EBC2F /* AudioManager.swift */ = {isa = PBXFileReference; lastKnownFileType = sourcecode.swift; path = AudioManager.swift; sourceTree = "<group>"; };
		5336902622521A0700A0DA3B /* ConvertHelper.swift */ = {isa = PBXFileReference; fileEncoding = 4; lastKnownFileType = sourcecode.swift; path = ConvertHelper.swift; sourceTree = "<group>"; };
		5336902722521A0700A0DA3B /* Loading.swift */ = {isa = PBXFileReference; fileEncoding = 4; lastKnownFileType = sourcecode.swift; path = Loading.swift; sourceTree = "<group>"; };
		5336902822521A0700A0DA3B /* DatePickerDialog.swift */ = {isa = PBXFileReference; fileEncoding = 4; lastKnownFileType = sourcecode.swift; path = DatePickerDialog.swift; sourceTree = "<group>"; };
		5336902922521A0700A0DA3B /* Toast.swift */ = {isa = PBXFileReference; fileEncoding = 4; lastKnownFileType = sourcecode.swift; path = Toast.swift; sourceTree = "<group>"; };
		5336903C22521A0700A0DA3B /* PickerView.swift */ = {isa = PBXFileReference; fileEncoding = 4; lastKnownFileType = sourcecode.swift; path = PickerView.swift; sourceTree = "<group>"; };
		5336903D22521A0700A0DA3B /* CustomButton.swift */ = {isa = PBXFileReference; fileEncoding = 4; lastKnownFileType = sourcecode.swift; path = CustomButton.swift; sourceTree = "<group>"; };
		5336904322521A0700A0DA3B /* CustomRoundedView.swift */ = {isa = PBXFileReference; fileEncoding = 4; lastKnownFileType = sourcecode.swift; path = CustomRoundedView.swift; sourceTree = "<group>"; };
		5336904B22521A0700A0DA3B /* CustomUIButton.swift */ = {isa = PBXFileReference; fileEncoding = 4; lastKnownFileType = sourcecode.swift; path = CustomUIButton.swift; sourceTree = "<group>"; };
		5336906F22521BC200A0DA3B /* CustomView.swift */ = {isa = PBXFileReference; fileEncoding = 4; lastKnownFileType = sourcecode.swift; path = CustomView.swift; sourceTree = "<group>"; };
		5336907122521D6A00A0DA3B /* UIColorExtension.swift */ = {isa = PBXFileReference; fileEncoding = 4; lastKnownFileType = sourcecode.swift; path = UIColorExtension.swift; sourceTree = "<group>"; };
		5347AF3E225C7BE500D0AA06 /* YouTubePlayer.framework */ = {isa = PBXFileReference; explicitFileType = wrapper.framework; path = YouTubePlayer.framework; sourceTree = BUILT_PRODUCTS_DIR; };
		5347AF42225CA47900D0AA06 /* AudioStream.swift */ = {isa = PBXFileReference; lastKnownFileType = sourcecode.swift; path = AudioStream.swift; sourceTree = "<group>"; };
		5349362B225F156F00854EB3 /* ModelUpdateAuthInfo.swift */ = {isa = PBXFileReference; lastKnownFileType = sourcecode.swift; path = ModelUpdateAuthInfo.swift; sourceTree = "<group>"; };
		5349362D225F173500854EB3 /* RegisterViewController.swift */ = {isa = PBXFileReference; lastKnownFileType = sourcecode.swift; path = RegisterViewController.swift; sourceTree = "<group>"; };
		5349362F225F23F700854EB3 /* DataManager.swift */ = {isa = PBXFileReference; lastKnownFileType = sourcecode.swift; path = DataManager.swift; sourceTree = "<group>"; };
		53493631225F252B00854EB3 /* ModelAudioFreeList.swift */ = {isa = PBXFileReference; lastKnownFileType = sourcecode.swift; path = ModelAudioFreeList.swift; sourceTree = "<group>"; };
		53493634225F3E3800854EB3 /* AudioFreeViewController.swift */ = {isa = PBXFileReference; lastKnownFileType = sourcecode.swift; path = AudioFreeViewController.swift; sourceTree = "<group>"; };
		5349363D225F448100854EB3 /* AudioTableViewCell.swift */ = {isa = PBXFileReference; lastKnownFileType = sourcecode.swift; path = AudioTableViewCell.swift; sourceTree = "<group>"; };
		5349363E225F448100854EB3 /* AudioTableViewCell.xib */ = {isa = PBXFileReference; lastKnownFileType = file.xib; path = AudioTableViewCell.xib; sourceTree = "<group>"; };
		53493642225F46A800854EB3 /* ImageViewextension.swift */ = {isa = PBXFileReference; lastKnownFileType = sourcecode.swift; path = ImageViewextension.swift; sourceTree = "<group>"; };
		53A12FB4225DE9A700B15195 /* API.swift */ = {isa = PBXFileReference; lastKnownFileType = sourcecode.swift; path = API.swift; sourceTree = "<group>"; };
		53A12FB6225DEA2400B15195 /* APIManager.swift */ = {isa = PBXFileReference; lastKnownFileType = sourcecode.swift; path = APIManager.swift; sourceTree = "<group>"; };
		53A12FB9225DEAC300B15195 /* ModelUserInfo.swift */ = {isa = PBXFileReference; lastKnownFileType = sourcecode.swift; path = ModelUserInfo.swift; sourceTree = "<group>"; };
		6E5C038FE9B00F8FFD65DF90 /* Pods-HocVanChiHienTests.debug.xcconfig */ = {isa = PBXFileReference; includeInIndex = 1; lastKnownFileType = text.xcconfig; name = "Pods-HocVanChiHienTests.debug.xcconfig"; path = "Target Support Files/Pods-HocVanChiHienTests/Pods-HocVanChiHienTests.debug.xcconfig"; sourceTree = "<group>"; };
		733F6FE7DB727561DBA3B2D4 /* Pods-HocVanChiHienTests.release.xcconfig */ = {isa = PBXFileReference; includeInIndex = 1; lastKnownFileType = text.xcconfig; name = "Pods-HocVanChiHienTests.release.xcconfig"; path = "Pods/Target Support Files/Pods-HocVanChiHienTests/Pods-HocVanChiHienTests.release.xcconfig"; sourceTree = "<group>"; };
		805362E6B40079F7D5147958 /* Pods_HocVanChiHien.framework */ = {isa = PBXFileReference; explicitFileType = wrapper.framework; includeInIndex = 0; path = Pods_HocVanChiHien.framework; sourceTree = BUILT_PRODUCTS_DIR; };
		A567770B46BB8E7958E989A5 /* Pods-HocVanChiHienUITests.debug.xcconfig */ = {isa = PBXFileReference; includeInIndex = 1; lastKnownFileType = text.xcconfig; name = "Pods-HocVanChiHienUITests.debug.xcconfig"; path = "Target Support Files/Pods-HocVanChiHienUITests/Pods-HocVanChiHienUITests.debug.xcconfig"; sourceTree = "<group>"; };
		A74B5673E53023808569C35C /* Pods-HocVanChiHienTests.release.xcconfig */ = {isa = PBXFileReference; includeInIndex = 1; lastKnownFileType = text.xcconfig; name = "Pods-HocVanChiHienTests.release.xcconfig"; path = "Target Support Files/Pods-HocVanChiHienTests/Pods-HocVanChiHienTests.release.xcconfig"; sourceTree = "<group>"; };
		CB309994393C8A2C60100619 /* Pods-HocVanChiHienUITests.release.xcconfig */ = {isa = PBXFileReference; includeInIndex = 1; lastKnownFileType = text.xcconfig; name = "Pods-HocVanChiHienUITests.release.xcconfig"; path = "Target Support Files/Pods-HocVanChiHienUITests/Pods-HocVanChiHienUITests.release.xcconfig"; sourceTree = "<group>"; };
		DF399C7C20D0DA3D83815AA5 /* Pods-HocVanChiHienUITests.release.xcconfig */ = {isa = PBXFileReference; includeInIndex = 1; lastKnownFileType = text.xcconfig; name = "Pods-HocVanChiHienUITests.release.xcconfig"; path = "Pods/Target Support Files/Pods-HocVanChiHienUITests/Pods-HocVanChiHienUITests.release.xcconfig"; sourceTree = "<group>"; };
		E0F72BB53D6A0C9171ADD710 /* Pods-HocVanChiHienUITests.debug.xcconfig */ = {isa = PBXFileReference; includeInIndex = 1; lastKnownFileType = text.xcconfig; name = "Pods-HocVanChiHienUITests.debug.xcconfig"; path = "Pods/Target Support Files/Pods-HocVanChiHienUITests/Pods-HocVanChiHienUITests.debug.xcconfig"; sourceTree = "<group>"; };
		F024C01D225246A4007C0887 /* CustomImageView.swift */ = {isa = PBXFileReference; lastKnownFileType = sourcecode.swift; path = CustomImageView.swift; sourceTree = "<group>"; };
		F024C01F22525C2F007C0887 /* ActionMenuViewController.swift */ = {isa = PBXFileReference; lastKnownFileType = sourcecode.swift; path = ActionMenuViewController.swift; sourceTree = "<group>"; };
		F02E04A8225CF8D8003D9FCE /* Login.storyboard */ = {isa = PBXFileReference; lastKnownFileType = file.storyboard; path = Login.storyboard; sourceTree = "<group>"; };
		F02E04AB225CFAD5003D9FCE /* LoginViewController.swift */ = {isa = PBXFileReference; lastKnownFileType = sourcecode.swift; path = LoginViewController.swift; sourceTree = "<group>"; };
		F040F5B922790DA200CD5386 /* QuizContentViewController.swift */ = {isa = PBXFileReference; lastKnownFileType = sourcecode.swift; path = QuizContentViewController.swift; sourceTree = "<group>"; };
		F040F5BB22790DAF00CD5386 /* GameMainViewController.swift */ = {isa = PBXFileReference; lastKnownFileType = sourcecode.swift; path = GameMainViewController.swift; sourceTree = "<group>"; };
		F040F5BE227AA8DB00CD5386 /* GoogleService-Info.plist */ = {isa = PBXFileReference; fileEncoding = 4; lastKnownFileType = text.plist.xml; path = "GoogleService-Info.plist"; sourceTree = SOURCE_ROOT; };
		F045CB2E226622EA0022EB1F /* CellNewsTableViewCell.swift */ = {isa = PBXFileReference; lastKnownFileType = sourcecode.swift; path = CellNewsTableViewCell.swift; sourceTree = "<group>"; };
		F045CB2F226622EA0022EB1F /* CellNewsTableViewCell.xib */ = {isa = PBXFileReference; lastKnownFileType = file.xib; path = CellNewsTableViewCell.xib; sourceTree = "<group>"; };
		F045CB322266252C0022EB1F /* DetailSavedPostViewController.swift */ = {isa = PBXFileReference; lastKnownFileType = sourcecode.swift; path = DetailSavedPostViewController.swift; sourceTree = "<group>"; };
		F0482338225D02470086F9A5 /* FirebaseConstant.swift */ = {isa = PBXFileReference; lastKnownFileType = sourcecode.swift; path = FirebaseConstant.swift; sourceTree = "<group>"; };
		F04CCBB9224FE07600503F84 /* HocVanChiHien.app */ = {isa = PBXFileReference; explicitFileType = wrapper.application; includeInIndex = 0; path = HocVanChiHien.app; sourceTree = BUILT_PRODUCTS_DIR; };
		F04CCBBC224FE07600503F84 /* AppDelegate.swift */ = {isa = PBXFileReference; lastKnownFileType = sourcecode.swift; path = AppDelegate.swift; sourceTree = "<group>"; };
		F04CCBBE224FE07600503F84 /* MainViewController.swift */ = {isa = PBXFileReference; lastKnownFileType = sourcecode.swift; path = MainViewController.swift; sourceTree = "<group>"; };
		F04CCBC1224FE07700503F84 /* Base */ = {isa = PBXFileReference; lastKnownFileType = file.storyboard; name = Base; path = Base.lproj/Main.storyboard; sourceTree = "<group>"; };
		F04CCBC6224FE07800503F84 /* Base */ = {isa = PBXFileReference; lastKnownFileType = file.storyboard; name = Base; path = Base.lproj/LaunchScreen.storyboard; sourceTree = "<group>"; };
		F04CCBC8224FE07800503F84 /* Info.plist */ = {isa = PBXFileReference; lastKnownFileType = text.plist.xml; path = Info.plist; sourceTree = "<group>"; };
		F04CCBCD224FE07800503F84 /* HocVanChiHienTests.xctest */ = {isa = PBXFileReference; explicitFileType = wrapper.cfbundle; includeInIndex = 0; path = HocVanChiHienTests.xctest; sourceTree = BUILT_PRODUCTS_DIR; };
		F04CCBD1224FE07800503F84 /* HocVanChiHienTests.swift */ = {isa = PBXFileReference; lastKnownFileType = sourcecode.swift; path = HocVanChiHienTests.swift; sourceTree = "<group>"; };
		F04CCBD3224FE07800503F84 /* Info.plist */ = {isa = PBXFileReference; lastKnownFileType = text.plist.xml; path = Info.plist; sourceTree = "<group>"; };
		F04CCBD8224FE07800503F84 /* HocVanChiHienUITests.xctest */ = {isa = PBXFileReference; explicitFileType = wrapper.cfbundle; includeInIndex = 0; path = HocVanChiHienUITests.xctest; sourceTree = BUILT_PRODUCTS_DIR; };
		F04CCBDC224FE07900503F84 /* HocVanChiHienUITests.swift */ = {isa = PBXFileReference; lastKnownFileType = sourcecode.swift; path = HocVanChiHienUITests.swift; sourceTree = "<group>"; };
		F04CCBDE224FE07900503F84 /* Info.plist */ = {isa = PBXFileReference; lastKnownFileType = text.plist.xml; path = Info.plist; sourceTree = "<group>"; };
		F04CCBEA224FE80100503F84 /* JSContruct.swift */ = {isa = PBXFileReference; lastKnownFileType = sourcecode.swift; path = JSContruct.swift; sourceTree = "<group>"; };
		F0537E80226C943500C65F97 /* QuizTableViewCell.swift */ = {isa = PBXFileReference; lastKnownFileType = sourcecode.swift; path = QuizTableViewCell.swift; sourceTree = "<group>"; };
		F0537E81226C943500C65F97 /* QuizTableViewCell.xib */ = {isa = PBXFileReference; lastKnownFileType = file.xib; path = QuizTableViewCell.xib; sourceTree = "<group>"; };
		F0537E84226C94E100C65F97 /* GameQuizViewController.swift */ = {isa = PBXFileReference; lastKnownFileType = sourcecode.swift; path = GameQuizViewController.swift; sourceTree = "<group>"; };
		F0537E86226C953A00C65F97 /* ModelQuiz.swift */ = {isa = PBXFileReference; lastKnownFileType = sourcecode.swift; path = ModelQuiz.swift; sourceTree = "<group>"; };
		F054E55F226E0773007BA7EE /* CellQuizCVC.swift */ = {isa = PBXFileReference; lastKnownFileType = sourcecode.swift; path = CellQuizCVC.swift; sourceTree = "<group>"; };
		F054E560226E0773007BA7EE /* CellQuizCVC.xib */ = {isa = PBXFileReference; lastKnownFileType = file.xib; path = CellQuizCVC.xib; sourceTree = "<group>"; };
		F054E563226E0BF2007BA7EE /* GoogleService-Info.plist */ = {isa = PBXFileReference; fileEncoding = 4; lastKnownFileType = text.plist.xml; path = "GoogleService-Info.plist"; sourceTree = "<group>"; };
		F054E5772273F1B1007BA7EE /* Assets.xcassets */ = {isa = PBXFileReference; lastKnownFileType = folder.assetcatalog; path = Assets.xcassets; sourceTree = "<group>"; };
		F0597E19225107DE0058CA31 /* DetailContentViewController.swift */ = {isa = PBXFileReference; lastKnownFileType = sourcecode.swift; path = DetailContentViewController.swift; sourceTree = "<group>"; };
		F0597E1B22510A0E0058CA31 /* WebViewController.swift */ = {isa = PBXFileReference; lastKnownFileType = sourcecode.swift; path = WebViewController.swift; sourceTree = "<group>"; };
		F07F3016225F961F004FB615 /* MainAudioViewController.swift */ = {isa = PBXFileReference; lastKnownFileType = sourcecode.swift; path = MainAudioViewController.swift; sourceTree = "<group>"; };
		F07F3019225F9C5D004FB615 /* MainTabBarViewController.swift */ = {isa = PBXFileReference; lastKnownFileType = sourcecode.swift; path = MainTabBarViewController.swift; sourceTree = "<group>"; };
		F09B3BE022539C7F00C2ACD9 /* SavedListPosts.swift */ = {isa = PBXFileReference; lastKnownFileType = sourcecode.swift; path = SavedListPosts.swift; sourceTree = "<group>"; };
		F09B3BE42253A6D500C2ACD9 /* ListWebViewElementsViewController.swift */ = {isa = PBXFileReference; lastKnownFileType = sourcecode.swift; path = ListWebViewElementsViewController.swift; sourceTree = "<group>"; };
		F09B3BE62253C77500C2ACD9 /* Constant.swift */ = {isa = PBXFileReference; lastKnownFileType = sourcecode.swift; path = Constant.swift; sourceTree = "<group>"; };
/* End PBXFileReference section */

/* Begin PBXFrameworksBuildPhase section */
		F04CCBB6224FE07600503F84 /* Frameworks */ = {
			isa = PBXFrameworksBuildPhase;
			buildActionMask = 2147483647;
			files = (
				5347AF3F225C7BE500D0AA06 /* YouTubePlayer.framework in Frameworks */,
				819B78D8D0FE9FC164E46355 /* Pods_HocVanChiHien.framework in Frameworks */,
			);
			runOnlyForDeploymentPostprocessing = 0;
		};
		F04CCBCA224FE07800503F84 /* Frameworks */ = {
			isa = PBXFrameworksBuildPhase;
			buildActionMask = 2147483647;
			files = (
				BAC876D30C9DDB58476DCFFE /* Pods_HocVanChiHienTests.framework in Frameworks */,
			);
			runOnlyForDeploymentPostprocessing = 0;
		};
		F04CCBD5224FE07800503F84 /* Frameworks */ = {
			isa = PBXFrameworksBuildPhase;
			buildActionMask = 2147483647;
			files = (
				DCAC6E3BE3CF8F5B05E0D1B7 /* Pods_HocVanChiHienUITests.framework in Frameworks */,
			);
			runOnlyForDeploymentPostprocessing = 0;
		};
/* End PBXFrameworksBuildPhase section */

/* Begin PBXGroup section */
		53115A5522608C4E007EBC2F /* AudioManager */ = {
			isa = PBXGroup;
			children = (
				53115A5622608C5F007EBC2F /* AudioManager.swift */,
			);
			path = AudioManager;
			sourceTree = "<group>";
		};
		5336902422521A0700A0DA3B /* CustomControls */ = {
			isa = PBXGroup;
			children = (
				53493641225F469700854EB3 /* Extensioon */,
				F09B3BE62253C77500C2ACD9 /* Constant.swift */,
				5336902522521A0700A0DA3B /* Utilitis */,
				5336903B22521A0700A0DA3B /* Views */,
			);
			path = CustomControls;
			sourceTree = "<group>";
		};
		5336902522521A0700A0DA3B /* Utilitis */ = {
			isa = PBXGroup;
			children = (
				5336907122521D6A00A0DA3B /* UIColorExtension.swift */,
				5336902622521A0700A0DA3B /* ConvertHelper.swift */,
				5336902722521A0700A0DA3B /* Loading.swift */,
				5336902822521A0700A0DA3B /* DatePickerDialog.swift */,
				5336902922521A0700A0DA3B /* Toast.swift */,
			);
			path = Utilitis;
			sourceTree = "<group>";
		};
		5336903B22521A0700A0DA3B /* Views */ = {
			isa = PBXGroup;
			children = (
				5336903C22521A0700A0DA3B /* PickerView.swift */,
				5336903D22521A0700A0DA3B /* CustomButton.swift */,
				5336904322521A0700A0DA3B /* CustomRoundedView.swift */,
				5336904B22521A0700A0DA3B /* CustomUIButton.swift */,
				5336906F22521BC200A0DA3B /* CustomView.swift */,
				F024C01D225246A4007C0887 /* CustomImageView.swift */,
			);
			path = Views;
			sourceTree = "<group>";
		};
		53493633225F3E2000854EB3 /* Audio */ = {
			isa = PBXGroup;
			children = (
				53493636225F3E9F00854EB3 /* Cell */,
				53493634225F3E3800854EB3 /* AudioFreeViewController.swift */,
				F07F3016225F961F004FB615 /* MainAudioViewController.swift */,
				53115A532260660C007EBC2F /* AudioPlayerViewController.swift */,
			);
			path = Audio;
			sourceTree = "<group>";
		};
		53493636225F3E9F00854EB3 /* Cell */ = {
			isa = PBXGroup;
			children = (
				5349363D225F448100854EB3 /* AudioTableViewCell.swift */,
				5349363E225F448100854EB3 /* AudioTableViewCell.xib */,
			);
			path = Cell;
			sourceTree = "<group>";
		};
		53493641225F469700854EB3 /* Extensioon */ = {
			isa = PBXGroup;
			children = (
				53493642225F46A800854EB3 /* ImageViewextension.swift */,
			);
			path = Extensioon;
			sourceTree = "<group>";
		};
		5363976F22658AFD000E5715 /* Game */ = {
			isa = PBXGroup;
			children = (
				F0537E7F226C941D00C65F97 /* Cell */,
				F0537E84226C94E100C65F97 /* GameQuizViewController.swift */,
				F040F5B922790DA200CD5386 /* QuizContentViewController.swift */,
				F040F5BB22790DAF00CD5386 /* GameMainViewController.swift */,
			);
			path = Game;
			sourceTree = "<group>";
		};
		53A12FB3225DE98400B15195 /* Network */ = {
			isa = PBXGroup;
			children = (
				53A12FB8225DEAB000B15195 /* Model */,
				F04CCBEA224FE80100503F84 /* JSContruct.swift */,
				53A12FB4225DE9A700B15195 /* API.swift */,
				53A12FB6225DEA2400B15195 /* APIManager.swift */,
				5349362F225F23F700854EB3 /* DataManager.swift */,
			);
			path = Network;
			sourceTree = "<group>";
		};
		53A12FB8225DEAB000B15195 /* Model */ = {
			isa = PBXGroup;
			children = (
				53A12FB9225DEAC300B15195 /* ModelUserInfo.swift */,
				5349362B225F156F00854EB3 /* ModelUpdateAuthInfo.swift */,
				53493631225F252B00854EB3 /* ModelAudioFreeList.swift */,
				F0537E86226C953A00C65F97 /* ModelQuiz.swift */,
			);
			path = Model;
			sourceTree = "<group>";
		};
		69265085BFF325644C6C8DCE /* Pods */ = {
			isa = PBXGroup;
			children = (
				4786229DE93F5B508E186CEF /* Pods-HocVanChiHien.debug.xcconfig */,
				4B73E231283E5D91EF8FF5DD /* Pods-HocVanChiHien.release.xcconfig */,
				6E5C038FE9B00F8FFD65DF90 /* Pods-HocVanChiHienTests.debug.xcconfig */,
				A74B5673E53023808569C35C /* Pods-HocVanChiHienTests.release.xcconfig */,
				A567770B46BB8E7958E989A5 /* Pods-HocVanChiHienUITests.debug.xcconfig */,
				CB309994393C8A2C60100619 /* Pods-HocVanChiHienUITests.release.xcconfig */,
				4FEF33F2A1CBEF7D5C56CB30 /* Pods-HocVanChiHien.debug.xcconfig */,
				52027F65A843481667C15A1C /* Pods-HocVanChiHien.release.xcconfig */,
				20492714C068D5557B495279 /* Pods-HocVanChiHienTests.debug.xcconfig */,
				733F6FE7DB727561DBA3B2D4 /* Pods-HocVanChiHienTests.release.xcconfig */,
				E0F72BB53D6A0C9171ADD710 /* Pods-HocVanChiHienUITests.debug.xcconfig */,
				DF399C7C20D0DA3D83815AA5 /* Pods-HocVanChiHienUITests.release.xcconfig */,
			);
			path = Pods;
			sourceTree = "<group>";
		};
		CB18F2C7C38C54A253B23563 /* Frameworks */ = {
			isa = PBXGroup;
			children = (
				5347AF3E225C7BE500D0AA06 /* YouTubePlayer.framework */,
				805362E6B40079F7D5147958 /* Pods_HocVanChiHien.framework */,
				36C2BFC53DE5FCD0F455F264 /* Pods_HocVanChiHienTests.framework */,
				0B58F9D6F6FCEBEC48E42F6F /* Pods_HocVanChiHienUITests.framework */,
			);
			name = Frameworks;
			sourceTree = "<group>";
		};
		F02E04A6225CF89F003D9FCE /* ViewController */ = {
			isa = PBXGroup;
			children = (
				F02E04AA225CFAC7003D9FCE /* Login */,
				F02E04A7225CF8BF003D9FCE /* Main */,
			);
			path = ViewController;
			sourceTree = "<group>";
		};
		F02E04A7225CF8BF003D9FCE /* Main */ = {
			isa = PBXGroup;
			children = (
				5363976F22658AFD000E5715 /* Game */,
				53493633225F3E2000854EB3 /* Audio */,
				F07F3018225F9C39004FB615 /* TinTuc */,
				F024C01F22525C2F007C0887 /* ActionMenuViewController.swift */,
				5347AF42225CA47900D0AA06 /* AudioStream.swift */,
				F07F3019225F9C5D004FB615 /* MainTabBarViewController.swift */,
			);
			path = Main;
			sourceTree = "<group>";
		};
		F02E04AA225CFAC7003D9FCE /* Login */ = {
			isa = PBXGroup;
			children = (
				F0482338225D02470086F9A5 /* FirebaseConstant.swift */,
				F02E04AB225CFAD5003D9FCE /* LoginViewController.swift */,
				5349362D225F173500854EB3 /* RegisterViewController.swift */,
			);
			path = Login;
			sourceTree = "<group>";
		};
		F040F5BD227AA7EC00CD5386 /* Recovered References */ = {
			isa = PBXGroup;
			children = (
				F054E563226E0BF2007BA7EE /* GoogleService-Info.plist */,
			);
			name = "Recovered References";
			sourceTree = "<group>";
		};
		F045CB2D226622AF0022EB1F /* Cell */ = {
			isa = PBXGroup;
			children = (
				F045CB2E226622EA0022EB1F /* CellNewsTableViewCell.swift */,
				F045CB2F226622EA0022EB1F /* CellNewsTableViewCell.xib */,
			);
			path = Cell;
			sourceTree = "<group>";
		};
		F04CCBB0224FE07600503F84 = {
			isa = PBXGroup;
			children = (
				F04CCBBB224FE07600503F84 /* HocVanChiHien */,
				F04CCBD0224FE07800503F84 /* HocVanChiHienTests */,
				F04CCBDB224FE07900503F84 /* HocVanChiHienUITests */,
				F04CCBBA224FE07600503F84 /* Products */,
				69265085BFF325644C6C8DCE /* Pods */,
				CB18F2C7C38C54A253B23563 /* Frameworks */,
				F040F5BD227AA7EC00CD5386 /* Recovered References */,
			);
			sourceTree = "<group>";
		};
		F04CCBBA224FE07600503F84 /* Products */ = {
			isa = PBXGroup;
			children = (
				F04CCBB9224FE07600503F84 /* HocVanChiHien.app */,
				F04CCBCD224FE07800503F84 /* HocVanChiHienTests.xctest */,
				F04CCBD8224FE07800503F84 /* HocVanChiHienUITests.xctest */,
			);
			name = Products;
			sourceTree = "<group>";
		};
		F04CCBBB224FE07600503F84 /* HocVanChiHien */ = {
			isa = PBXGroup;
			children = (
				53115A5522608C4E007EBC2F /* AudioManager */,
				53A12FB3225DE98400B15195 /* Network */,
				F02E04A6225CF89F003D9FCE /* ViewController */,
				F04CCBBC224FE07600503F84 /* AppDelegate.swift */,
				F054E5772273F1B1007BA7EE /* Assets.xcassets */,
				5336902422521A0700A0DA3B /* CustomControls */,
				F04CCBC0224FE07700503F84 /* Main.storyboard */,
				F04CCBC5224FE07800503F84 /* LaunchScreen.storyboard */,
				F02E04A8225CF8D8003D9FCE /* Login.storyboard */,
				F04CCBC8224FE07800503F84 /* Info.plist */,
				F040F5BE227AA8DB00CD5386 /* GoogleService-Info.plist */,
			);
			path = HocVanChiHien;
			sourceTree = "<group>";
		};
		F04CCBD0224FE07800503F84 /* HocVanChiHienTests */ = {
			isa = PBXGroup;
			children = (
				F04CCBD1224FE07800503F84 /* HocVanChiHienTests.swift */,
				F04CCBD3224FE07800503F84 /* Info.plist */,
			);
			path = HocVanChiHienTests;
			sourceTree = "<group>";
		};
		F04CCBDB224FE07900503F84 /* HocVanChiHienUITests */ = {
			isa = PBXGroup;
			children = (
				F04CCBDC224FE07900503F84 /* HocVanChiHienUITests.swift */,
				F04CCBDE224FE07900503F84 /* Info.plist */,
			);
			path = HocVanChiHienUITests;
			sourceTree = "<group>";
		};
		F0537E7F226C941D00C65F97 /* Cell */ = {
			isa = PBXGroup;
			children = (
				F0537E80226C943500C65F97 /* QuizTableViewCell.swift */,
				F0537E81226C943500C65F97 /* QuizTableViewCell.xib */,
				F054E55F226E0773007BA7EE /* CellQuizCVC.swift */,
				F054E560226E0773007BA7EE /* CellQuizCVC.xib */,
			);
			path = Cell;
			sourceTree = "<group>";
		};
		F07F3018225F9C39004FB615 /* TinTuc */ = {
			isa = PBXGroup;
			children = (
				F04CCBBE224FE07600503F84 /* MainViewController.swift */,
				F045CB2D226622AF0022EB1F /* Cell */,
				F0597E19225107DE0058CA31 /* DetailContentViewController.swift */,
				F0597E1B22510A0E0058CA31 /* WebViewController.swift */,
				F09B3BE022539C7F00C2ACD9 /* SavedListPosts.swift */,
				F09B3BE42253A6D500C2ACD9 /* ListWebViewElementsViewController.swift */,
				F045CB322266252C0022EB1F /* DetailSavedPostViewController.swift */,
			);
			path = TinTuc;
			sourceTree = "<group>";
		};
/* End PBXGroup section */

/* Begin PBXNativeTarget section */
		F04CCBB8224FE07600503F84 /* HocVanChiHien */ = {
			isa = PBXNativeTarget;
			buildConfigurationList = F04CCBE1224FE07900503F84 /* Build configuration list for PBXNativeTarget "HocVanChiHien" */;
			buildPhases = (
				3A9557C8101FF9C45602AC01 /* [CP] Check Pods Manifest.lock */,
				F04CCBB5224FE07600503F84 /* Sources */,
				F04CCBB6224FE07600503F84 /* Frameworks */,
				F04CCBB7224FE07600503F84 /* Resources */,
				AE79434DD4B57BCAC7066A1B /* [CP] Embed Pods Frameworks */,
			);
			buildRules = (
			);
			dependencies = (
			);
			name = HocVanChiHien;
			productName = HocVanChiHien;
			productReference = F04CCBB9224FE07600503F84 /* HocVanChiHien.app */;
			productType = "com.apple.product-type.application";
		};
		F04CCBCC224FE07800503F84 /* HocVanChiHienTests */ = {
			isa = PBXNativeTarget;
			buildConfigurationList = F04CCBE4224FE07900503F84 /* Build configuration list for PBXNativeTarget "HocVanChiHienTests" */;
			buildPhases = (
				CD0D7B5599CEAAE60EBC12BE /* [CP] Check Pods Manifest.lock */,
				F04CCBC9224FE07800503F84 /* Sources */,
				F04CCBCA224FE07800503F84 /* Frameworks */,
				F04CCBCB224FE07800503F84 /* Resources */,
			);
			buildRules = (
			);
			dependencies = (
				F04CCBCF224FE07800503F84 /* PBXTargetDependency */,
			);
			name = HocVanChiHienTests;
			productName = HocVanChiHienTests;
			productReference = F04CCBCD224FE07800503F84 /* HocVanChiHienTests.xctest */;
			productType = "com.apple.product-type.bundle.unit-test";
		};
		F04CCBD7224FE07800503F84 /* HocVanChiHienUITests */ = {
			isa = PBXNativeTarget;
			buildConfigurationList = F04CCBE7224FE07900503F84 /* Build configuration list for PBXNativeTarget "HocVanChiHienUITests" */;
			buildPhases = (
				FD62E08D4EAEEDDBED1A48C6 /* [CP] Check Pods Manifest.lock */,
				F04CCBD4224FE07800503F84 /* Sources */,
				F04CCBD5224FE07800503F84 /* Frameworks */,
				F04CCBD6224FE07800503F84 /* Resources */,
			);
			buildRules = (
			);
			dependencies = (
				F04CCBDA224FE07800503F84 /* PBXTargetDependency */,
			);
			name = HocVanChiHienUITests;
			productName = HocVanChiHienUITests;
			productReference = F04CCBD8224FE07800503F84 /* HocVanChiHienUITests.xctest */;
			productType = "com.apple.product-type.bundle.ui-testing";
		};
/* End PBXNativeTarget section */

/* Begin PBXProject section */
		F04CCBB1224FE07600503F84 /* Project object */ = {
			isa = PBXProject;
			attributes = {
				LastSwiftUpdateCheck = 1010;
				LastUpgradeCheck = 1010;
				ORGANIZATIONNAME = "Ngo Dang Chac";
				TargetAttributes = {
					F04CCBB8224FE07600503F84 = {
						CreatedOnToolsVersion = 10.1;
						SystemCapabilities = {
							com.apple.BackgroundModes = {
								enabled = 1;
							};
						};
					};
					F04CCBCC224FE07800503F84 = {
						CreatedOnToolsVersion = 10.1;
						TestTargetID = F04CCBB8224FE07600503F84;
					};
					F04CCBD7224FE07800503F84 = {
						CreatedOnToolsVersion = 10.1;
						TestTargetID = F04CCBB8224FE07600503F84;
					};
				};
			};
			buildConfigurationList = F04CCBB4224FE07600503F84 /* Build configuration list for PBXProject "HocVanChiHien" */;
			compatibilityVersion = "Xcode 9.3";
			developmentRegion = en;
			hasScannedForEncodings = 0;
			knownRegions = (
				en,
				Base,
			);
			mainGroup = F04CCBB0224FE07600503F84;
			productRefGroup = F04CCBBA224FE07600503F84 /* Products */;
			projectDirPath = "";
			projectRoot = "";
			targets = (
				F04CCBB8224FE07600503F84 /* HocVanChiHien */,
				F04CCBCC224FE07800503F84 /* HocVanChiHienTests */,
				F04CCBD7224FE07800503F84 /* HocVanChiHienUITests */,
			);
		};
/* End PBXProject section */

/* Begin PBXResourcesBuildPhase section */
		F04CCBB7224FE07600503F84 /* Resources */ = {
			isa = PBXResourcesBuildPhase;
			buildActionMask = 2147483647;
			files = (
				F04CCBC7224FE07800503F84 /* LaunchScreen.storyboard in Resources */,
				F0537E83226C943500C65F97 /* QuizTableViewCell.xib in Resources */,
				F054E564226E0BF2007BA7EE /* GoogleService-Info.plist in Resources */,
				F054E5782273F1B1007BA7EE /* Assets.xcassets in Resources */,
				F02E04A9225CF8D8003D9FCE /* Login.storyboard in Resources */,
				F04CCBC2224FE07700503F84 /* Main.storyboard in Resources */,
				F054E562226E0773007BA7EE /* CellQuizCVC.xib in Resources */,
				F040F5BF227AA8DB00CD5386 /* GoogleService-Info.plist in Resources */,
				53493640225F448100854EB3 /* AudioTableViewCell.xib in Resources */,
				F045CB31226622EA0022EB1F /* CellNewsTableViewCell.xib in Resources */,
			);
			runOnlyForDeploymentPostprocessing = 0;
		};
		F04CCBCB224FE07800503F84 /* Resources */ = {
			isa = PBXResourcesBuildPhase;
			buildActionMask = 2147483647;
			files = (
			);
			runOnlyForDeploymentPostprocessing = 0;
		};
		F04CCBD6224FE07800503F84 /* Resources */ = {
			isa = PBXResourcesBuildPhase;
			buildActionMask = 2147483647;
			files = (
			);
			runOnlyForDeploymentPostprocessing = 0;
		};
/* End PBXResourcesBuildPhase section */

/* Begin PBXShellScriptBuildPhase section */
		3A9557C8101FF9C45602AC01 /* [CP] Check Pods Manifest.lock */ = {
			isa = PBXShellScriptBuildPhase;
			buildActionMask = 2147483647;
			files = (
			);
			inputFileListPaths = (
			);
			inputPaths = (
				"${PODS_PODFILE_DIR_PATH}/Podfile.lock",
				"${PODS_ROOT}/Manifest.lock",
			);
			name = "[CP] Check Pods Manifest.lock";
			outputFileListPaths = (
			);
			outputPaths = (
				"$(DERIVED_FILE_DIR)/Pods-HocVanChiHien-checkManifestLockResult.txt",
			);
			runOnlyForDeploymentPostprocessing = 0;
			shellPath = /bin/sh;
			shellScript = "diff \"${PODS_PODFILE_DIR_PATH}/Podfile.lock\" \"${PODS_ROOT}/Manifest.lock\" > /dev/null\nif [ $? != 0 ] ; then\n    # print error to STDERR\n    echo \"error: The sandbox is not in sync with the Podfile.lock. Run 'pod install' or update your CocoaPods installation.\" >&2\n    exit 1\nfi\n# This output is used by Xcode 'outputs' to avoid re-running this script phase.\necho \"SUCCESS\" > \"${SCRIPT_OUTPUT_FILE_0}\"\n";
			showEnvVarsInLog = 0;
		};
		AE79434DD4B57BCAC7066A1B /* [CP] Embed Pods Frameworks */ = {
			isa = PBXShellScriptBuildPhase;
			buildActionMask = 2147483647;
			files = (
			);
			inputFileListPaths = (
				"${PODS_ROOT}/Target Support Files/Pods-HocVanChiHien/Pods-HocVanChiHien-frameworks-${CONFIGURATION}-input-files.xcfilelist",
			);
			name = "[CP] Embed Pods Frameworks";
			outputFileListPaths = (
				"${PODS_ROOT}/Target Support Files/Pods-HocVanChiHien/Pods-HocVanChiHien-frameworks-${CONFIGURATION}-output-files.xcfilelist",
			);
			runOnlyForDeploymentPostprocessing = 0;
			shellPath = /bin/sh;
			shellScript = "\"${PODS_ROOT}/Target Support Files/Pods-HocVanChiHien/Pods-HocVanChiHien-frameworks.sh\"\n";
			showEnvVarsInLog = 0;
		};
		CD0D7B5599CEAAE60EBC12BE /* [CP] Check Pods Manifest.lock */ = {
			isa = PBXShellScriptBuildPhase;
			buildActionMask = 2147483647;
			files = (
			);
			inputFileListPaths = (
			);
			inputPaths = (
				"${PODS_PODFILE_DIR_PATH}/Podfile.lock",
				"${PODS_ROOT}/Manifest.lock",
			);
			name = "[CP] Check Pods Manifest.lock";
			outputFileListPaths = (
			);
			outputPaths = (
				"$(DERIVED_FILE_DIR)/Pods-HocVanChiHienTests-checkManifestLockResult.txt",
			);
			runOnlyForDeploymentPostprocessing = 0;
			shellPath = /bin/sh;
			shellScript = "diff \"${PODS_PODFILE_DIR_PATH}/Podfile.lock\" \"${PODS_ROOT}/Manifest.lock\" > /dev/null\nif [ $? != 0 ] ; then\n    # print error to STDERR\n    echo \"error: The sandbox is not in sync with the Podfile.lock. Run 'pod install' or update your CocoaPods installation.\" >&2\n    exit 1\nfi\n# This output is used by Xcode 'outputs' to avoid re-running this script phase.\necho \"SUCCESS\" > \"${SCRIPT_OUTPUT_FILE_0}\"\n";
			showEnvVarsInLog = 0;
		};
		FD62E08D4EAEEDDBED1A48C6 /* [CP] Check Pods Manifest.lock */ = {
			isa = PBXShellScriptBuildPhase;
			buildActionMask = 2147483647;
			files = (
			);
			inputFileListPaths = (
			);
			inputPaths = (
				"${PODS_PODFILE_DIR_PATH}/Podfile.lock",
				"${PODS_ROOT}/Manifest.lock",
			);
			name = "[CP] Check Pods Manifest.lock";
			outputFileListPaths = (
			);
			outputPaths = (
				"$(DERIVED_FILE_DIR)/Pods-HocVanChiHienUITests-checkManifestLockResult.txt",
			);
			runOnlyForDeploymentPostprocessing = 0;
			shellPath = /bin/sh;
			shellScript = "diff \"${PODS_PODFILE_DIR_PATH}/Podfile.lock\" \"${PODS_ROOT}/Manifest.lock\" > /dev/null\nif [ $? != 0 ] ; then\n    # print error to STDERR\n    echo \"error: The sandbox is not in sync with the Podfile.lock. Run 'pod install' or update your CocoaPods installation.\" >&2\n    exit 1\nfi\n# This output is used by Xcode 'outputs' to avoid re-running this script phase.\necho \"SUCCESS\" > \"${SCRIPT_OUTPUT_FILE_0}\"\n";
			showEnvVarsInLog = 0;
		};
/* End PBXShellScriptBuildPhase section */

/* Begin PBXSourcesBuildPhase section */
		F04CCBB5224FE07600503F84 /* Sources */ = {
			isa = PBXSourcesBuildPhase;
			buildActionMask = 2147483647;
			files = (
				53493630225F23F700854EB3 /* DataManager.swift in Sources */,
				F0537E85226C94E100C65F97 /* GameQuizViewController.swift in Sources */,
				5336906322521A0700A0DA3B /* CustomButton.swift in Sources */,
				53115A5722608C5F007EBC2F /* AudioManager.swift in Sources */,
				F0537E87226C953A00C65F97 /* ModelQuiz.swift in Sources */,
				53493635225F3E3800854EB3 /* AudioFreeViewController.swift in Sources */,
				F04CCBBF224FE07600503F84 /* MainViewController.swift in Sources */,
				53493643225F46A800854EB3 /* ImageViewextension.swift in Sources */,
				F045CB30226622EA0022EB1F /* CellNewsTableViewCell.swift in Sources */,
				5347AF43225CA47900D0AA06 /* AudioStream.swift in Sources */,
				5336904E22521A0700A0DA3B /* ConvertHelper.swift in Sources */,
				5336907022521BC200A0DA3B /* CustomView.swift in Sources */,
				53115A542260660C007EBC2F /* AudioPlayerViewController.swift in Sources */,
				5349363F225F448100854EB3 /* AudioTableViewCell.swift in Sources */,
				53493632225F252B00854EB3 /* ModelAudioFreeList.swift in Sources */,
				F07F301A225F9C5D004FB615 /* MainTabBarViewController.swift in Sources */,
				F07F3017225F961F004FB615 /* MainAudioViewController.swift in Sources */,
				F04CCBEB224FE80100503F84 /* JSContruct.swift in Sources */,
				F0482339225D02470086F9A5 /* FirebaseConstant.swift in Sources */,
				F09B3BE122539C7F00C2ACD9 /* SavedListPosts.swift in Sources */,
				5336906722521A0700A0DA3B /* CustomRoundedView.swift in Sources */,
				F09B3BE72253C77500C2ACD9 /* Constant.swift in Sources */,
				F04CCBBD224FE07600503F84 /* AppDelegate.swift in Sources */,
				F02E04AC225CFAD5003D9FCE /* LoginViewController.swift in Sources */,
				5336904F22521A0700A0DA3B /* Loading.swift in Sources */,
				5336906222521A0700A0DA3B /* PickerView.swift in Sources */,
				F024C01E225246A4007C0887 /* CustomImageView.swift in Sources */,
				F045CB332266252C0022EB1F /* DetailSavedPostViewController.swift in Sources */,
				5336905022521A0700A0DA3B /* DatePickerDialog.swift in Sources */,
				5336907222521D6A00A0DA3B /* UIColorExtension.swift in Sources */,
				F054E561226E0773007BA7EE /* CellQuizCVC.swift in Sources */,
				5336906D22521A0700A0DA3B /* CustomUIButton.swift in Sources */,
				F0597E1C22510A0E0058CA31 /* WebViewController.swift in Sources */,
				F024C02022525C2F007C0887 /* ActionMenuViewController.swift in Sources */,
				5336905122521A0700A0DA3B /* Toast.swift in Sources */,
				F0597E1A225107DE0058CA31 /* DetailContentViewController.swift in Sources */,
				5349362C225F156F00854EB3 /* ModelUpdateAuthInfo.swift in Sources */,
				5349362E225F173500854EB3 /* RegisterViewController.swift in Sources */,
				53A12FBA225DEAC300B15195 /* ModelUserInfo.swift in Sources */,
				53A12FB7225DEA2400B15195 /* APIManager.swift in Sources */,
				53A12FB5225DE9A700B15195 /* API.swift in Sources */,
				F040F5BA22790DA200CD5386 /* QuizContentViewController.swift in Sources */,
				F0537E82226C943500C65F97 /* QuizTableViewCell.swift in Sources */,
				F040F5BC22790DAF00CD5386 /* GameMainViewController.swift in Sources */,
				F09B3BE52253A6D500C2ACD9 /* ListWebViewElementsViewController.swift in Sources */,
			);
			runOnlyForDeploymentPostprocessing = 0;
		};
		F04CCBC9224FE07800503F84 /* Sources */ = {
			isa = PBXSourcesBuildPhase;
			buildActionMask = 2147483647;
			files = (
				F04CCBD2224FE07800503F84 /* HocVanChiHienTests.swift in Sources */,
			);
			runOnlyForDeploymentPostprocessing = 0;
		};
		F04CCBD4224FE07800503F84 /* Sources */ = {
			isa = PBXSourcesBuildPhase;
			buildActionMask = 2147483647;
			files = (
				F04CCBDD224FE07900503F84 /* HocVanChiHienUITests.swift in Sources */,
			);
			runOnlyForDeploymentPostprocessing = 0;
		};
/* End PBXSourcesBuildPhase section */

/* Begin PBXTargetDependency section */
		F04CCBCF224FE07800503F84 /* PBXTargetDependency */ = {
			isa = PBXTargetDependency;
			target = F04CCBB8224FE07600503F84 /* HocVanChiHien */;
			targetProxy = F04CCBCE224FE07800503F84 /* PBXContainerItemProxy */;
		};
		F04CCBDA224FE07800503F84 /* PBXTargetDependency */ = {
			isa = PBXTargetDependency;
			target = F04CCBB8224FE07600503F84 /* HocVanChiHien */;
			targetProxy = F04CCBD9224FE07800503F84 /* PBXContainerItemProxy */;
		};
/* End PBXTargetDependency section */

/* Begin PBXVariantGroup section */
		F04CCBC0224FE07700503F84 /* Main.storyboard */ = {
			isa = PBXVariantGroup;
			children = (
				F04CCBC1224FE07700503F84 /* Base */,
			);
			name = Main.storyboard;
			sourceTree = "<group>";
		};
		F04CCBC5224FE07800503F84 /* LaunchScreen.storyboard */ = {
			isa = PBXVariantGroup;
			children = (
				F04CCBC6224FE07800503F84 /* Base */,
			);
			name = LaunchScreen.storyboard;
			sourceTree = "<group>";
		};
/* End PBXVariantGroup section */

/* Begin XCBuildConfiguration section */
		F04CCBDF224FE07900503F84 /* Debug */ = {
			isa = XCBuildConfiguration;
			buildSettings = {
				ALWAYS_SEARCH_USER_PATHS = NO;
				CLANG_ANALYZER_NONNULL = YES;
				CLANG_ANALYZER_NUMBER_OBJECT_CONVERSION = YES_AGGRESSIVE;
				CLANG_CXX_LANGUAGE_STANDARD = "gnu++14";
				CLANG_CXX_LIBRARY = "libc++";
				CLANG_ENABLE_MODULES = YES;
				CLANG_ENABLE_OBJC_ARC = YES;
				CLANG_ENABLE_OBJC_WEAK = YES;
				CLANG_WARN_BLOCK_CAPTURE_AUTORELEASING = YES;
				CLANG_WARN_BOOL_CONVERSION = YES;
				CLANG_WARN_COMMA = YES;
				CLANG_WARN_CONSTANT_CONVERSION = YES;
				CLANG_WARN_DEPRECATED_OBJC_IMPLEMENTATIONS = YES;
				CLANG_WARN_DIRECT_OBJC_ISA_USAGE = YES_ERROR;
				CLANG_WARN_DOCUMENTATION_COMMENTS = YES;
				CLANG_WARN_EMPTY_BODY = YES;
				CLANG_WARN_ENUM_CONVERSION = YES;
				CLANG_WARN_INFINITE_RECURSION = YES;
				CLANG_WARN_INT_CONVERSION = YES;
				CLANG_WARN_NON_LITERAL_NULL_CONVERSION = YES;
				CLANG_WARN_OBJC_IMPLICIT_RETAIN_SELF = YES;
				CLANG_WARN_OBJC_LITERAL_CONVERSION = YES;
				CLANG_WARN_OBJC_ROOT_CLASS = YES_ERROR;
				CLANG_WARN_RANGE_LOOP_ANALYSIS = YES;
				CLANG_WARN_STRICT_PROTOTYPES = YES;
				CLANG_WARN_SUSPICIOUS_MOVE = YES;
				CLANG_WARN_UNGUARDED_AVAILABILITY = YES_AGGRESSIVE;
				CLANG_WARN_UNREACHABLE_CODE = YES;
				CLANG_WARN__DUPLICATE_METHOD_MATCH = YES;
				CODE_SIGN_IDENTITY = "iPhone Developer";
				COPY_PHASE_STRIP = NO;
				DEBUG_INFORMATION_FORMAT = dwarf;
				ENABLE_STRICT_OBJC_MSGSEND = YES;
				ENABLE_TESTABILITY = YES;
				GCC_C_LANGUAGE_STANDARD = gnu11;
				GCC_DYNAMIC_NO_PIC = NO;
				GCC_NO_COMMON_BLOCKS = YES;
				GCC_OPTIMIZATION_LEVEL = 0;
				GCC_PREPROCESSOR_DEFINITIONS = (
					"DEBUG=1",
					"$(inherited)",
				);
				GCC_WARN_64_TO_32_BIT_CONVERSION = YES;
				GCC_WARN_ABOUT_RETURN_TYPE = YES_ERROR;
				GCC_WARN_UNDECLARED_SELECTOR = YES;
				GCC_WARN_UNINITIALIZED_AUTOS = YES_AGGRESSIVE;
				GCC_WARN_UNUSED_FUNCTION = YES;
				GCC_WARN_UNUSED_VARIABLE = YES;
				IPHONEOS_DEPLOYMENT_TARGET = 12.2;
				MTL_ENABLE_DEBUG_INFO = INCLUDE_SOURCE;
				MTL_FAST_MATH = YES;
				ONLY_ACTIVE_ARCH = YES;
				SDKROOT = iphoneos;
				SWIFT_ACTIVE_COMPILATION_CONDITIONS = DEBUG;
				SWIFT_OPTIMIZATION_LEVEL = "-Onone";
				SWIFT_VERSION = 4.2;
			};
			name = Debug;
		};
		F04CCBE0224FE07900503F84 /* Release */ = {
			isa = XCBuildConfiguration;
			buildSettings = {
				ALWAYS_SEARCH_USER_PATHS = NO;
				CLANG_ANALYZER_NONNULL = YES;
				CLANG_ANALYZER_NUMBER_OBJECT_CONVERSION = YES_AGGRESSIVE;
				CLANG_CXX_LANGUAGE_STANDARD = "gnu++14";
				CLANG_CXX_LIBRARY = "libc++";
				CLANG_ENABLE_MODULES = YES;
				CLANG_ENABLE_OBJC_ARC = YES;
				CLANG_ENABLE_OBJC_WEAK = YES;
				CLANG_WARN_BLOCK_CAPTURE_AUTORELEASING = YES;
				CLANG_WARN_BOOL_CONVERSION = YES;
				CLANG_WARN_COMMA = YES;
				CLANG_WARN_CONSTANT_CONVERSION = YES;
				CLANG_WARN_DEPRECATED_OBJC_IMPLEMENTATIONS = YES;
				CLANG_WARN_DIRECT_OBJC_ISA_USAGE = YES_ERROR;
				CLANG_WARN_DOCUMENTATION_COMMENTS = YES;
				CLANG_WARN_EMPTY_BODY = YES;
				CLANG_WARN_ENUM_CONVERSION = YES;
				CLANG_WARN_INFINITE_RECURSION = YES;
				CLANG_WARN_INT_CONVERSION = YES;
				CLANG_WARN_NON_LITERAL_NULL_CONVERSION = YES;
				CLANG_WARN_OBJC_IMPLICIT_RETAIN_SELF = YES;
				CLANG_WARN_OBJC_LITERAL_CONVERSION = YES;
				CLANG_WARN_OBJC_ROOT_CLASS = YES_ERROR;
				CLANG_WARN_RANGE_LOOP_ANALYSIS = YES;
				CLANG_WARN_STRICT_PROTOTYPES = YES;
				CLANG_WARN_SUSPICIOUS_MOVE = YES;
				CLANG_WARN_UNGUARDED_AVAILABILITY = YES_AGGRESSIVE;
				CLANG_WARN_UNREACHABLE_CODE = YES;
				CLANG_WARN__DUPLICATE_METHOD_MATCH = YES;
				CODE_SIGN_IDENTITY = "iPhone Developer";
				COPY_PHASE_STRIP = NO;
				DEBUG_INFORMATION_FORMAT = "dwarf-with-dsym";
				ENABLE_NS_ASSERTIONS = NO;
				ENABLE_STRICT_OBJC_MSGSEND = YES;
				GCC_C_LANGUAGE_STANDARD = gnu11;
				GCC_NO_COMMON_BLOCKS = YES;
				GCC_WARN_64_TO_32_BIT_CONVERSION = YES;
				GCC_WARN_ABOUT_RETURN_TYPE = YES_ERROR;
				GCC_WARN_UNDECLARED_SELECTOR = YES;
				GCC_WARN_UNINITIALIZED_AUTOS = YES_AGGRESSIVE;
				GCC_WARN_UNUSED_FUNCTION = YES;
				GCC_WARN_UNUSED_VARIABLE = YES;
				IPHONEOS_DEPLOYMENT_TARGET = 12.2;
				MTL_ENABLE_DEBUG_INFO = NO;
				MTL_FAST_MATH = YES;
				SDKROOT = iphoneos;
				SWIFT_COMPILATION_MODE = wholemodule;
				SWIFT_OPTIMIZATION_LEVEL = "-O";
				SWIFT_VERSION = 4.2;
				VALIDATE_PRODUCT = YES;
			};
			name = Release;
		};
		F04CCBE2224FE07900503F84 /* Debug */ = {
			isa = XCBuildConfiguration;
			baseConfigurationReference = 4786229DE93F5B508E186CEF /* Pods-HocVanChiHien.debug.xcconfig */;
			buildSettings = {
				ASSETCATALOG_COMPILER_APPICON_NAME = AppIcon;
				CODE_SIGN_STYLE = Automatic;
				DEVELOPMENT_TEAM = Q6SH2UL982;
				INFOPLIST_FILE = HocVanChiHien/Info.plist;
				LD_RUNPATH_SEARCH_PATHS = (
					"$(inherited)",
					"@executable_path/Frameworks",
				);
				PRODUCT_BUNDLE_IDENTIFIER = com.DC.HocVanChiHien;
				PRODUCT_NAME = "$(TARGET_NAME)";
				SWIFT_VERSION = 4.2;
				TARGETED_DEVICE_FAMILY = 1;
			};
			name = Debug;
		};
		F04CCBE3224FE07900503F84 /* Release */ = {
			isa = XCBuildConfiguration;
			baseConfigurationReference = 4B73E231283E5D91EF8FF5DD /* Pods-HocVanChiHien.release.xcconfig */;
			buildSettings = {
				ASSETCATALOG_COMPILER_APPICON_NAME = AppIcon;
				CODE_SIGN_STYLE = Automatic;
				DEVELOPMENT_TEAM = Q6SH2UL982;
				INFOPLIST_FILE = HocVanChiHien/Info.plist;
				LD_RUNPATH_SEARCH_PATHS = (
					"$(inherited)",
					"@executable_path/Frameworks",
				);
				PRODUCT_BUNDLE_IDENTIFIER = com.DC.HocVanChiHien;
				PRODUCT_NAME = "$(TARGET_NAME)";
				SWIFT_VERSION = 4.2;
				TARGETED_DEVICE_FAMILY = 1;
			};
			name = Release;
		};
		F04CCBE5224FE07900503F84 /* Debug */ = {
			isa = XCBuildConfiguration;
			baseConfigurationReference = 6E5C038FE9B00F8FFD65DF90 /* Pods-HocVanChiHienTests.debug.xcconfig */;
			buildSettings = {
				ALWAYS_EMBED_SWIFT_STANDARD_LIBRARIES = YES;
				BUNDLE_LOADER = "$(TEST_HOST)";
				CODE_SIGN_STYLE = Automatic;
				DEVELOPMENT_TEAM = Q6SH2UL982;
				INFOPLIST_FILE = HocVanChiHienTests/Info.plist;
				LD_RUNPATH_SEARCH_PATHS = (
					"$(inherited)",
					"@executable_path/Frameworks",
					"@loader_path/Frameworks",
				);
				PRODUCT_BUNDLE_IDENTIFIER = com.TechNi.HocVanChiHienTests;
				PRODUCT_NAME = "$(TARGET_NAME)";
				SWIFT_VERSION = 4.2;
				TARGETED_DEVICE_FAMILY = "1,2";
				TEST_HOST = "$(BUILT_PRODUCTS_DIR)/HocVanChiHien.app/HocVanChiHien";
			};
			name = Debug;
		};
		F04CCBE6224FE07900503F84 /* Release */ = {
			isa = XCBuildConfiguration;
			baseConfigurationReference = A74B5673E53023808569C35C /* Pods-HocVanChiHienTests.release.xcconfig */;
			buildSettings = {
				ALWAYS_EMBED_SWIFT_STANDARD_LIBRARIES = YES;
				BUNDLE_LOADER = "$(TEST_HOST)";
				CODE_SIGN_STYLE = Automatic;
				DEVELOPMENT_TEAM = Q6SH2UL982;
				INFOPLIST_FILE = HocVanChiHienTests/Info.plist;
				LD_RUNPATH_SEARCH_PATHS = (
					"$(inherited)",
					"@executable_path/Frameworks",
					"@loader_path/Frameworks",
				);
				PRODUCT_BUNDLE_IDENTIFIER = com.TechNi.HocVanChiHienTests;
				PRODUCT_NAME = "$(TARGET_NAME)";
				SWIFT_VERSION = 4.2;
				TARGETED_DEVICE_FAMILY = "1,2";
				TEST_HOST = "$(BUILT_PRODUCTS_DIR)/HocVanChiHien.app/HocVanChiHien";
			};
			name = Release;
		};
		F04CCBE8224FE07900503F84 /* Debug */ = {
			isa = XCBuildConfiguration;
			baseConfigurationReference = A567770B46BB8E7958E989A5 /* Pods-HocVanChiHienUITests.debug.xcconfig */;
			buildSettings = {
				ALWAYS_EMBED_SWIFT_STANDARD_LIBRARIES = YES;
				CODE_SIGN_STYLE = Automatic;
				DEVELOPMENT_TEAM = Q6SH2UL982;
				INFOPLIST_FILE = HocVanChiHienUITests/Info.plist;
				LD_RUNPATH_SEARCH_PATHS = (
					"$(inherited)",
					"@executable_path/Frameworks",
					"@loader_path/Frameworks",
				);
				PRODUCT_BUNDLE_IDENTIFIER = com.TechNi.HocVanChiHienUITests;
				PRODUCT_NAME = "$(TARGET_NAME)";
				SWIFT_VERSION = 4.2;
				TARGETED_DEVICE_FAMILY = "1,2";
				TEST_TARGET_NAME = HocVanChiHien;
			};
			name = Debug;
		};
		F04CCBE9224FE07900503F84 /* Release */ = {
			isa = XCBuildConfiguration;
			baseConfigurationReference = CB309994393C8A2C60100619 /* Pods-HocVanChiHienUITests.release.xcconfig */;
			buildSettings = {
				ALWAYS_EMBED_SWIFT_STANDARD_LIBRARIES = YES;
				CODE_SIGN_STYLE = Automatic;
				DEVELOPMENT_TEAM = Q6SH2UL982;
				INFOPLIST_FILE = HocVanChiHienUITests/Info.plist;
				LD_RUNPATH_SEARCH_PATHS = (
					"$(inherited)",
					"@executable_path/Frameworks",
					"@loader_path/Frameworks",
				);
				PRODUCT_BUNDLE_IDENTIFIER = com.TechNi.HocVanChiHienUITests;
				PRODUCT_NAME = "$(TARGET_NAME)";
				SWIFT_VERSION = 4.2;
				TARGETED_DEVICE_FAMILY = "1,2";
				TEST_TARGET_NAME = HocVanChiHien;
			};
			name = Release;
		};
/* End XCBuildConfiguration section */

/* Begin XCConfigurationList section */
		F04CCBB4224FE07600503F84 /* Build configuration list for PBXProject "HocVanChiHien" */ = {
			isa = XCConfigurationList;
			buildConfigurations = (
				F04CCBDF224FE07900503F84 /* Debug */,
				F04CCBE0224FE07900503F84 /* Release */,
			);
			defaultConfigurationIsVisible = 0;
			defaultConfigurationName = Release;
		};
		F04CCBE1224FE07900503F84 /* Build configuration list for PBXNativeTarget "HocVanChiHien" */ = {
			isa = XCConfigurationList;
			buildConfigurations = (
				F04CCBE2224FE07900503F84 /* Debug */,
				F04CCBE3224FE07900503F84 /* Release */,
			);
			defaultConfigurationIsVisible = 0;
			defaultConfigurationName = Release;
		};
		F04CCBE4224FE07900503F84 /* Build configuration list for PBXNativeTarget "HocVanChiHienTests" */ = {
			isa = XCConfigurationList;
			buildConfigurations = (
				F04CCBE5224FE07900503F84 /* Debug */,
				F04CCBE6224FE07900503F84 /* Release */,
			);
			defaultConfigurationIsVisible = 0;
			defaultConfigurationName = Release;
		};
		F04CCBE7224FE07900503F84 /* Build configuration list for PBXNativeTarget "HocVanChiHienUITests" */ = {
			isa = XCConfigurationList;
			buildConfigurations = (
				F04CCBE8224FE07900503F84 /* Debug */,
				F04CCBE9224FE07900503F84 /* Release */,
			);
			defaultConfigurationIsVisible = 0;
			defaultConfigurationName = Release;
		};
/* End XCConfigurationList section */
	};
	rootObject = F04CCBB1224FE07600503F84 /* Project object */;
}
